
Microsoft Visual Studio Solution File, Format Version 12.00
# Visual Studio Version 17
VisualStudioVersion = 17.14.37301.10 d17.14
MinimumVisualStudioVersion = 10.0.40219.1
Project("{FAE04EC0-301F-11D3-BF4B-00C04F79EFBC}") = "NetFrameworkDemo", "NetFrameworkDemo.csproj", "{00F8C597-95A4-4497-9545-1578BC2085EE}"
EndProject
Global
	GlobalSection(SolutionConfigurationPlatforms) = preSolution
		Debug|Any CPU = Debug|Any CPU
		Release|Any CPU = Release|Any CPU
	EndGlobalSection
	GlobalSection(ProjectConfigurationPlatforms) = postSolution
		{00F8C597-95A4-4497-9545-1578BC2085EE}.Debug|Any CPU.ActiveCfg = Debug|Any CPU
		{00F8C597-95A4-4497-9545-1578BC2085EE}.Debug|Any CPU.Build.0 = Debug|Any CPU
		{00F8C597-95A4-4497-9545-1578BC2085EE}.Release|Any CPU.ActiveCfg = Release|Any CPU
		{00F8C597-95A4-4497-9545-1578BC2085EE}.Release|Any CPU.Build.0 = Release|Any CPU
	EndGlobalSection
	GlobalSection(SolutionProperties) = preSolution
		HideSolutionNode = FALSE
	EndGlobalSection
	GlobalSection(ExtensibilityGlobals) = postSolution
		SolutionGuid = {CAFF1E1C-6F57-412C-80AE-5ABE5717AA95}
	EndGlobalSection
EndGlobal
